
Microsoft Visual Studio Solution File, Format Version 12.00
# Visual Studio 14
VisualStudioVersion = 14.0.25420.1
MinimumVisualStudioVersion = 10.0.40219.1
Project("{FAE04EC0-301F-11D3-BF4B-00C04F79EFBC}") = "xs", "xs\xs.csproj", "{9545AF49-37AD-417D-9C75-BA29AAD48457}"
EndProject
Project("{FAE04EC0-301F-11D3-BF4B-00C04F79EFBC}") = "Entity", "Entity\Entity.csproj", "{0A0C068E-E4EA-412A-B2D3-730311912791}"
EndProject
Project("{FAE04EC0-301F-11D3-BF4B-00C04F79EFBC}") = "DataAccess", "DataAccess\DataAccess.csproj", "{D46F697B-62CD-40F4-9F1E-982055AE66E3}"
EndProject
Project("{FAE04EC0-301F-11D3-BF4B-00C04F79EFBC}") = "Common", "Common\Common.csproj", "{717E7C54-ED0D-4EB1-A4EA-2A5DCBB55B97}"
EndProject
Project("{FAE04EC0-301F-11D3-BF4B-00C04F79EFBC}") = "Busines", "Busines\Busines.csproj", "{B07B398F-2E75-46AA-9B43-A2E812CE9915}"
EndProject
Global
	GlobalSection(SolutionConfigurationPlatforms) = preSolution
		Debug|Any CPU = Debug|Any CPU
		Release|Any CPU = Release|Any CPU
	EndGlobalSection
	GlobalSection(ProjectConfigurationPlatforms) = postSolution
		{9545AF49-37AD-417D-9C75-BA29AAD48457}.Debug|Any CPU.ActiveCfg = Debug|Any CPU
		{9545AF49-37AD-417D-9C75-BA29AAD48457}.Debug|Any CPU.Build.0 = Debug|Any CPU
		{9545AF49-37AD-417D-9C75-BA29AAD48457}.Release|Any CPU.ActiveCfg = Release|Any CPU
		{9545AF49-37AD-417D-9C75-BA29AAD48457}.Release|Any CPU.Build.0 = Release|Any CPU
		{0A0C068E-E4EA-412A-B2D3-730311912791}.Debug|Any CPU.ActiveCfg = Debug|Any CPU
		{0A0C068E-E4EA-412A-B2D3-730311912791}.Debug|Any CPU.Build.0 = Debug|Any CPU
		{0A0C068E-E4EA-412A-B2D3-730311912791}.Release|Any CPU.ActiveCfg = Release|Any CPU
		{0A0C068E-E4EA-412A-B2D3-730311912791}.Release|Any CPU.Build.0 = Release|Any CPU
		{D46F697B-62CD-40F4-9F1E-982055AE66E3}.Debug|Any CPU.ActiveCfg = Debug|Any CPU
		{D46F697B-62CD-40F4-9F1E-982055AE66E3}.Debug|Any CPU.Build.0 = Debug|Any CPU
		{D46F697B-62CD-40F4-9F1E-982055AE66E3}.Release|Any CPU.ActiveCfg = Release|Any CPU
		{D46F697B-62CD-40F4-9F1E-982055AE66E3}.Release|Any CPU.Build.0 = Release|Any CPU
		{717E7C54-ED0D-4EB1-A4EA-2A5DCBB55B97}.Debug|Any CPU.ActiveCfg = Debug|Any CPU
		{717E7C54-ED0D-4EB1-A4EA-2A5DCBB55B97}.Debug|Any CPU.Build.0 = Debug|Any CPU
		{717E7C54-ED0D-4EB1-A4EA-2A5DCBB55B97}.Release|Any CPU.ActiveCfg = Release|Any CPU
		{717E7C54-ED0D-4EB1-A4EA-2A5DCBB55B97}.Release|Any CPU.Build.0 = Release|Any CPU
		{B07B398F-2E75-46AA-9B43-A2E812CE9915}.Debug|Any CPU.ActiveCfg = Debug|Any CPU
		{B07B398F-2E75-46AA-9B43-A2E812CE9915}.Debug|Any CPU.Build.0 = Debug|Any CPU
		{B07B398F-2E75-46AA-9B43-A2E812CE9915}.Release|Any CPU.ActiveCfg = Release|Any CPU
		{B07B398F-2E75-46AA-9B43-A2E812CE9915}.Release|Any CPU.Build.0 = Release|Any CPU
	EndGlobalSection
	GlobalSection(SolutionProperties) = preSolution
		HideSolutionNode = FALSE
	EndGlobalSection
EndGlobal
